
Microsoft Visual Studio Solution File, Format Version 12.00
# Visual Studio Version 17
VisualStudioVersion = 17.7.34031.279
MinimumVisualStudioVersion = 10.0.40219.1
Project("{FAE04EC0-301F-11D3-BF4B-00C04F79EFBC}") = "AccessModifiers_HomeWork", "AccessModifiers_HomeWork\AccessModifiers_HomeWork.csproj", "{58BA2828-BDFB-48C4-9D20-74305EDFA3BF}"
EndProject
Global
	GlobalSection(SolutionConfigurationPlatforms) = preSolution
		Debug|Any CPU = Debug|Any CPU
		Release|Any CPU = Release|Any CPU
	EndGlobalSection
	GlobalSection(ProjectConfigurationPlatforms) = postSolution
		{58BA2828-BDFB-48C4-9D20-74305EDFA3BF}.Debug|Any CPU.ActiveCfg = Debug|Any CPU
		{58BA2828-BDFB-48C4-9D20-74305EDFA3BF}.Debug|Any CPU.Build.0 = Debug|Any CPU
		{58BA2828-BDFB-48C4-9D20-74305EDFA3BF}.Release|Any CPU.ActiveCfg = Release|Any CPU
		{58BA2828-BDFB-48C4-9D20-74305EDFA3BF}.Release|Any CPU.Build.0 = Release|Any CPU
	EndGlobalSection
	GlobalSection(SolutionProperties) = preSolution
		HideSolutionNode = FALSE
	EndGlobalSection
	GlobalSection(ExtensibilityGlobals) = postSolution
		SolutionGuid = {16DE58A0-4DBF-41D3-9371-B34D3F6D084E}
	EndGlobalSection
EndGlobal
